
Microsoft Visual Studio Solution File, Format Version 12.00
# Visual Studio Version 16
VisualStudioVersion = 16.0.30621.155
MinimumVisualStudioVersion = 10.0.40219.1
Project("{FAE04EC0-301F-11D3-BF4B-00C04F79EFBC}") = "Table.Android", "Table\Table.Android\Table.Android.csproj", "{8831E1AF-989E-4A6A-8709-F7FB02FD12A3}"
EndProject
Project("{FAE04EC0-301F-11D3-BF4B-00C04F79EFBC}") = "Table.iOS", "Table\Table.iOS\Table.iOS.csproj", "{C87D9A66-DB17-424D-BD0F-72700B96DD97}"
EndProject
Project("{FAE04EC0-301F-11D3-BF4B-00C04F79EFBC}") = "Table", "Table\Table\Table.csproj", "{E0588340-853C-4957-9765-F0883EFF7836}"
EndProject
Global
	GlobalSection(SolutionConfigurationPlatforms) = preSolution
		Debug|Any CPU = Debug|Any CPU
		Debug|iPhone = Debug|iPhone
		Debug|iPhoneSimulator = Debug|iPhoneSimulator
		Release|Any CPU = Release|Any CPU
		Release|iPhone = Release|iPhone
		Release|iPhoneSimulator = Release|iPhoneSimulator
	EndGlobalSection
	GlobalSection(ProjectConfigurationPlatforms) = postSolution
		{8831E1AF-989E-4A6A-8709-F7FB02FD12A3}.Debug|Any CPU.ActiveCfg = Debug|Any CPU
		{8831E1AF-989E-4A6A-8709-F7FB02FD12A3}.Debug|Any CPU.Build.0 = Debug|Any CPU
		{8831E1AF-989E-4A6A-8709-F7FB02FD12A3}.Debug|Any CPU.Deploy.0 = Debug|Any CPU
		{8831E1AF-989E-4A6A-8709-F7FB02FD12A3}.Debug|iPhone.ActiveCfg = Debug|Any CPU
		{8831E1AF-989E-4A6A-8709-F7FB02FD12A3}.Debug|iPhone.Build.0 = Debug|Any CPU
		{8831E1AF-989E-4A6A-8709-F7FB02FD12A3}.Debug|iPhone.Deploy.0 = Debug|Any CPU
		{8831E1AF-989E-4A6A-8709-F7FB02FD12A3}.Debug|iPhoneSimulator.ActiveCfg = Debug|Any CPU
		{8831E1AF-989E-4A6A-8709-F7FB02FD12A3}.Debug|iPhoneSimulator.Build.0 = Debug|Any CPU
		{8831E1AF-989E-4A6A-8709-F7FB02FD12A3}.Debug|iPhoneSimulator.Deploy.0 = Debug|Any CPU
		{8831E1AF-989E-4A6A-8709-F7FB02FD12A3}.Release|Any CPU.ActiveCfg = Release|Any CPU
		{8831E1AF-989E-4A6A-8709-F7FB02FD12A3}.Release|Any CPU.Build.0 = Release|Any CPU
		{8831E1AF-989E-4A6A-8709-F7FB02FD12A3}.Release|Any CPU.Deploy.0 = Release|Any CPU
		{8831E1AF-989E-4A6A-8709-F7FB02FD12A3}.Release|iPhone.ActiveCfg = Release|Any CPU
		{8831E1AF-989E-4A6A-8709-F7FB02FD12A3}.Release|iPhone.Build.0 = Release|Any CPU
		{8831E1AF-989E-4A6A-8709-F7FB02FD12A3}.Release|iPhone.Deploy.0 = Release|Any CPU
		{8831E1AF-989E-4A6A-8709-F7FB02FD12A3}.Release|iPhoneSimulator.ActiveCfg = Release|Any CPU
		{8831E1AF-989E-4A6A-8709-F7FB02FD12A3}.Release|iPhoneSimulator.Build.0 = Release|Any CPU
		{8831E1AF-989E-4A6A-8709-F7FB02FD12A3}.Release|iPhoneSimulator.Deploy.0 = Release|Any CPU
		{C87D9A66-DB17-424D-BD0F-72700B96DD97}.Debug|Any CPU.ActiveCfg = Debug|iPhone
		{C87D9A66-DB17-424D-BD0F-72700B96DD97}.Debug|Any CPU.Build.0 = Debug|iPhone
		{C87D9A66-DB17-424D-BD0F-72700B96DD97}.Debug|Any CPU.Deploy.0 = Debug|iPhone
		{C87D9A66-DB17-424D-BD0F-72700B96DD97}.Debug|iPhone.ActiveCfg = Debug|iPhone
		{C87D9A66-DB17-424D-BD0F-72700B96DD97}.Debug|iPhone.Build.0 = Debug|iPhone
		{C87D9A66-DB17-424D-BD0F-72700B96DD97}.Debug|iPhone.Deploy.0 = Debug|iPhone
		{C87D9A66-DB17-424D-BD0F-72700B96DD97}.Debug|iPhoneSimulator.ActiveCfg = Debug|iPhoneSimulator
		{C87D9A66-DB17-424D-BD0F-72700B96DD97}.Debug|iPhoneSimulator.Build.0 = Debug|iPhoneSimulator
		{C87D9A66-DB17-424D-BD0F-72700B96DD97}.Debug|iPhoneSimulator.Deploy.0 = Debug|iPhoneSimulator
		{C87D9A66-DB17-424D-BD0F-72700B96DD97}.Release|Any CPU.ActiveCfg = Release|iPhoneSimulator
		{C87D9A66-DB17-424D-BD0F-72700B96DD97}.Release|Any CPU.Build.0 = Release|iPhoneSimulator
		{C87D9A66-DB17-424D-BD0F-72700B96DD97}.Release|Any CPU.Deploy.0 = Release|iPhoneSimulator
		{C87D9A66-DB17-424D-BD0F-72700B96DD97}.Release|iPhone.ActiveCfg = Release|iPhone
		{C87D9A66-DB17-424D-BD0F-72700B96DD97}.Release|iPhone.Build.0 = Release|iPhone
		{C87D9A66-DB17-424D-BD0F-72700B96DD97}.Release|iPhone.Deploy.0 = Release|iPhone
		{C87D9A66-DB17-424D-BD0F-72700B96DD97}.Release|iPhoneSimulator.ActiveCfg = Release|iPhoneSimulator
		{C87D9A66-DB17-424D-BD0F-72700B96DD97}.Release|iPhoneSimulator.Build.0 = Release|iPhoneSimulator
		{C87D9A66-DB17-424D-BD0F-72700B96DD97}.Release|iPhoneSimulator.Deploy.0 = Release|iPhoneSimulator
		{E0588340-853C-4957-9765-F0883EFF7836}.Debug|Any CPU.ActiveCfg = Debug|Any CPU
		{E0588340-853C-4957-9765-F0883EFF7836}.Debug|Any CPU.Build.0 = Debug|Any CPU
		{E0588340-853C-4957-9765-F0883EFF7836}.Debug|Any CPU.Deploy.0 = Debug|Any CPU
		{E0588340-853C-4957-9765-F0883EFF7836}.Debug|iPhone.ActiveCfg = Debug|Any CPU
		{E0588340-853C-4957-9765-F0883EFF7836}.Debug|iPhone.Build.0 = Debug|Any CPU
		{E0588340-853C-4957-9765-F0883EFF7836}.Debug|iPhone.Deploy.0 = Debug|Any CPU
		{E0588340-853C-4957-9765-F0883EFF7836}.Debug|iPhoneSimulator.ActiveCfg = Debug|Any CPU
		{E0588340-853C-4957-9765-F0883EFF7836}.Debug|iPhoneSimulator.Build.0 = Debug|Any CPU
		{E0588340-853C-4957-9765-F0883EFF7836}.Debug|iPhoneSimulator.Deploy.0 = Debug|Any CPU
		{E0588340-853C-4957-9765-F0883EFF7836}.Release|Any CPU.ActiveCfg = Release|Any CPU
		{E0588340-853C-4957-9765-F0883EFF7836}.Release|Any CPU.Build.0 = Release|Any CPU
		{E0588340-853C-4957-9765-F0883EFF7836}.Release|Any CPU.Deploy.0 = Release|Any CPU
		{E0588340-853C-4957-9765-F0883EFF7836}.Release|iPhone.ActiveCfg = Release|Any CPU
		{E0588340-853C-4957-9765-F0883EFF7836}.Release|iPhone.Build.0 = Release|Any CPU
		{E0588340-853C-4957-9765-F0883EFF7836}.Release|iPhone.Deploy.0 = Release|Any CPU
		{E0588340-853C-4957-9765-F0883EFF7836}.Release|iPhoneSimulator.ActiveCfg = Release|Any CPU
		{E0588340-853C-4957-9765-F0883EFF7836}.Release|iPhoneSimulator.Build.0 = Release|Any CPU
		{E0588340-853C-4957-9765-F0883EFF7836}.Release|iPhoneSimulator.Deploy.0 = Release|Any CPU
	EndGlobalSection
	GlobalSection(SolutionProperties) = preSolution
		HideSolutionNode = FALSE
	EndGlobalSection
	GlobalSection(ExtensibilityGlobals) = postSolution
		SolutionGuid = {F4B38E10-2A55-40B0-B467-DA9266D31CD7}
	EndGlobalSection
EndGlobal
